
Microsoft Visual Studio Solution File, Format Version 12.00
# Visual Studio Version 17
VisualStudioVersion = 17.1.32407.343
MinimumVisualStudioVersion = 10.0.40219.1
Project("{9A19103F-16F7-4668-BE54-9A1E7A4F7556}") = "ApplianceAPI", "InMemoryWebApiUsingEF\ApplianceAPI.csproj", "{39BDCD15-9B06-4F08-B110-CC9ECC1474F9}"
EndProject
Project("{FAE04EC0-301F-11D3-BF4B-00C04F79EFBC}") = "ElectroApi.Test", "ElectroApi.Test\ElectroApi.Test.csproj", "{9E5B0CCD-ECBF-4863-925F-0DD4900747F1}"
EndProject
Global
	GlobalSection(SolutionConfigurationPlatforms) = preSolution
		Debug|Any CPU = Debug|Any CPU
		Release|Any CPU = Release|Any CPU
	EndGlobalSection
	GlobalSection(ProjectConfigurationPlatforms) = postSolution
		{39BDCD15-9B06-4F08-B110-CC9ECC1474F9}.Debug|Any CPU.ActiveCfg = Debug|Any CPU
		{39BDCD15-9B06-4F08-B110-CC9ECC1474F9}.Debug|Any CPU.Build.0 = Debug|Any CPU
		{39BDCD15-9B06-4F08-B110-CC9ECC1474F9}.Release|Any CPU.ActiveCfg = Release|Any CPU
		{39BDCD15-9B06-4F08-B110-CC9ECC1474F9}.Release|Any CPU.Build.0 = Release|Any CPU
		{9E5B0CCD-ECBF-4863-925F-0DD4900747F1}.Debug|Any CPU.ActiveCfg = Debug|Any CPU
		{9E5B0CCD-ECBF-4863-925F-0DD4900747F1}.Debug|Any CPU.Build.0 = Debug|Any CPU
		{9E5B0CCD-ECBF-4863-925F-0DD4900747F1}.Release|Any CPU.ActiveCfg = Release|Any CPU
		{9E5B0CCD-ECBF-4863-925F-0DD4900747F1}.Release|Any CPU.Build.0 = Release|Any CPU
	EndGlobalSection
	GlobalSection(SolutionProperties) = preSolution
		HideSolutionNode = FALSE
	EndGlobalSection
	GlobalSection(ExtensibilityGlobals) = postSolution
		SolutionGuid = {0CB27D7E-5B98-42B7-9A1D-3063C838ABB2}
	EndGlobalSection
EndGlobal
